
Microsoft Visual Studio Solution File, Format Version 12.00
# Visual Studio Version 16
VisualStudioVersion = 16.0.35706.149
MinimumVisualStudioVersion = 10.0.40219.1
Project("{888888A0-9F3D-457C-B088-3A5042F75D52}") = "2OLIDTS-FerminPalacios-07py", "2OLIDTS-FerminPalacios-07py\2OLIDTS-FerminPalacios-07py.pyproj", "{30A8CED3-A7B0-4EC3-BF4E-2DA0C196AC3A}"
EndProject
Global
	GlobalSection(SolutionConfigurationPlatforms) = preSolution
		Debug|Any CPU = Debug|Any CPU
		Release|Any CPU = Release|Any CPU
	EndGlobalSection
	GlobalSection(ProjectConfigurationPlatforms) = postSolution
		{30A8CED3-A7B0-4EC3-BF4E-2DA0C196AC3A}.Debug|Any CPU.ActiveCfg = Debug|Any CPU
		{30A8CED3-A7B0-4EC3-BF4E-2DA0C196AC3A}.Release|Any CPU.ActiveCfg = Release|Any CPU
	EndGlobalSection
	GlobalSection(SolutionProperties) = preSolution
		HideSolutionNode = FALSE
	EndGlobalSection
	GlobalSection(ExtensibilityGlobals) = postSolution
		SolutionGuid = {6C3FD903-8E6C-451E-B378-0D0EF746E05A}
	EndGlobalSection
EndGlobal
